
Microsoft Visual Studio Solution File, Format Version 12.00
# Visual Studio Version 17
VisualStudioVersion = 17.11.35327.3
MinimumVisualStudioVersion = 10.0.40219.1
Project("{9A19103F-16F7-4668-BE54-9A1E7A4F7556}") = "nezrinnew.Droid", "nezrinnew\nezrinnew.Droid\nezrinnew.Droid.csproj", "{526365FB-E262-40F8-A0EA-9ED9D226DEA1}"
EndProject
Project("{9A19103F-16F7-4668-BE54-9A1E7A4F7556}") = "nezrinnew.iOS", "nezrinnew\nezrinnew.iOS\nezrinnew.iOS.csproj", "{C90F44F9-2C36-4CDA-A2CF-CD898A61BC78}"
EndProject
Project("{9A19103F-16F7-4668-BE54-9A1E7A4F7556}") = "nezrinnew.Mac", "nezrinnew\nezrinnew.Mac\nezrinnew.Mac.csproj", "{72639B3D-6D41-4BF4-A63D-DB9F4456BE10}"
EndProject
Project("{9A19103F-16F7-4668-BE54-9A1E7A4F7556}") = "nezrinnew.WinUI", "nezrinnew\nezrinnew.WinUI\nezrinnew.WinUI.csproj", "{BB8616B1-B3B6-4841-9CC0-2662723BCE2B}"
	ProjectSection(ProjectDependencies) = postProject
		{526365FB-E262-40F8-A0EA-9ED9D226DEA1} = {526365FB-E262-40F8-A0EA-9ED9D226DEA1}
	EndProjectSection
EndProject
Project("{9A19103F-16F7-4668-BE54-9A1E7A4F7556}") = "nezrinnew", "nezrinnew\nezrinnew\nezrinnew.csproj", "{9F205A85-86C3-4E42-AEBF-146DAA6AF30B}"
EndProject
Project("{9A19103F-16F7-4668-BE54-9A1E7A4F7556}") = "MsalAuthInMaui", "nezrinnew\MsalAuthInMaui\MsalAuthInMaui.csproj", "{5325A73F-9E39-45FD-91D7-8AC7853742E2}"
EndProject
Project("{9A19103F-16F7-4668-BE54-9A1E7A4F7556}") = "SecureWebApi", "nezrinnew\SecureWebApi\SecureWebApi.csproj", "{3AED10BA-ED5B-494F-B594-23B5CFADCF79}"
EndProject
Global
	GlobalSection(SolutionConfigurationPlatforms) = preSolution
		Debug|Any CPU = Debug|Any CPU
		Debug|ARM64 = Debug|ARM64
		Debug|x64 = Debug|x64
		Debug|x86 = Debug|x86
		Release|Any CPU = Release|Any CPU
		Release|ARM64 = Release|ARM64
		Release|x64 = Release|x64
		Release|x86 = Release|x86
	EndGlobalSection
	GlobalSection(ProjectConfigurationPlatforms) = postSolution
		{526365FB-E262-40F8-A0EA-9ED9D226DEA1}.Debug|Any CPU.ActiveCfg = Debug|Any CPU
		{526365FB-E262-40F8-A0EA-9ED9D226DEA1}.Debug|Any CPU.Build.0 = Debug|Any CPU
		{526365FB-E262-40F8-A0EA-9ED9D226DEA1}.Debug|Any CPU.Deploy.0 = Debug|Any CPU
		{526365FB-E262-40F8-A0EA-9ED9D226DEA1}.Debug|ARM64.ActiveCfg = Debug|Any CPU
		{526365FB-E262-40F8-A0EA-9ED9D226DEA1}.Debug|ARM64.Build.0 = Debug|Any CPU
		{526365FB-E262-40F8-A0EA-9ED9D226DEA1}.Debug|ARM64.Deploy.0 = Debug|Any CPU
		{526365FB-E262-40F8-A0EA-9ED9D226DEA1}.Debug|x64.ActiveCfg = Debug|Any CPU
		{526365FB-E262-40F8-A0EA-9ED9D226DEA1}.Debug|x64.Build.0 = Debug|Any CPU
		{526365FB-E262-40F8-A0EA-9ED9D226DEA1}.Debug|x64.Deploy.0 = Debug|Any CPU
		{526365FB-E262-40F8-A0EA-9ED9D226DEA1}.Debug|x86.ActiveCfg = Debug|Any CPU
		{526365FB-E262-40F8-A0EA-9ED9D226DEA1}.Debug|x86.Build.0 = Debug|Any CPU
		{526365FB-E262-40F8-A0EA-9ED9D226DEA1}.Debug|x86.Deploy.0 = Debug|Any CPU
		{526365FB-E262-40F8-A0EA-9ED9D226DEA1}.Release|Any CPU.ActiveCfg = Release|Any CPU
		{526365FB-E262-40F8-A0EA-9ED9D226DEA1}.Release|Any CPU.Build.0 = Release|Any CPU
		{526365FB-E262-40F8-A0EA-9ED9D226DEA1}.Release|Any CPU.Deploy.0 = Release|Any CPU
		{526365FB-E262-40F8-A0EA-9ED9D226DEA1}.Release|ARM64.ActiveCfg = Release|Any CPU
		{526365FB-E262-40F8-A0EA-9ED9D226DEA1}.Release|ARM64.Build.0 = Release|Any CPU
		{526365FB-E262-40F8-A0EA-9ED9D226DEA1}.Release|ARM64.Deploy.0 = Release|Any CPU
		{526365FB-E262-40F8-A0EA-9ED9D226DEA1}.Release|x64.ActiveCfg = Release|Any CPU
		{526365FB-E262-40F8-A0EA-9ED9D226DEA1}.Release|x64.Build.0 = Release|Any CPU
		{526365FB-E262-40F8-A0EA-9ED9D226DEA1}.Release|x64.Deploy.0 = Release|Any CPU
		{526365FB-E262-40F8-A0EA-9ED9D226DEA1}.Release|x86.ActiveCfg = Release|Any CPU
		{526365FB-E262-40F8-A0EA-9ED9D226DEA1}.Release|x86.Build.0 = Release|Any CPU
		{526365FB-E262-40F8-A0EA-9ED9D226DEA1}.Release|x86.Deploy.0 = Release|Any CPU
		{C90F44F9-2C36-4CDA-A2CF-CD898A61BC78}.Debug|Any CPU.ActiveCfg = Debug|Any CPU
		{C90F44F9-2C36-4CDA-A2CF-CD898A61BC78}.Debug|Any CPU.Build.0 = Debug|Any CPU
		{C90F44F9-2C36-4CDA-A2CF-CD898A61BC78}.Debug|Any CPU.Deploy.0 = Debug|Any CPU
		{C90F44F9-2C36-4CDA-A2CF-CD898A61BC78}.Debug|ARM64.ActiveCfg = Debug|Any CPU
		{C90F44F9-2C36-4CDA-A2CF-CD898A61BC78}.Debug|ARM64.Build.0 = Debug|Any CPU
		{C90F44F9-2C36-4CDA-A2CF-CD898A61BC78}.Debug|ARM64.Deploy.0 = Debug|Any CPU
		{C90F44F9-2C36-4CDA-A2CF-CD898A61BC78}.Debug|x64.ActiveCfg = Debug|Any CPU
		{C90F44F9-2C36-4CDA-A2CF-CD898A61BC78}.Debug|x64.Build.0 = Debug|Any CPU
		{C90F44F9-2C36-4CDA-A2CF-CD898A61BC78}.Debug|x64.Deploy.0 = Debug|Any CPU
		{C90F44F9-2C36-4CDA-A2CF-CD898A61BC78}.Debug|x86.ActiveCfg = Debug|Any CPU
		{C90F44F9-2C36-4CDA-A2CF-CD898A61BC78}.Debug|x86.Build.0 = Debug|Any CPU
		{C90F44F9-2C36-4CDA-A2CF-CD898A61BC78}.Debug|x86.Deploy.0 = Debug|Any CPU
		{C90F44F9-2C36-4CDA-A2CF-CD898A61BC78}.Release|Any CPU.ActiveCfg = Release|Any CPU
		{C90F44F9-2C36-4CDA-A2CF-CD898A61BC78}.Release|Any CPU.Build.0 = Release|Any CPU
		{C90F44F9-2C36-4CDA-A2CF-CD898A61BC78}.Release|Any CPU.Deploy.0 = Release|Any CPU
		{C90F44F9-2C36-4CDA-A2CF-CD898A61BC78}.Release|ARM64.ActiveCfg = Release|Any CPU
		{C90F44F9-2C36-4CDA-A2CF-CD898A61BC78}.Release|ARM64.Build.0 = Release|Any CPU
		{C90F44F9-2C36-4CDA-A2CF-CD898A61BC78}.Release|ARM64.Deploy.0 = Release|Any CPU
		{C90F44F9-2C36-4CDA-A2CF-CD898A61BC78}.Release|x64.ActiveCfg = Release|Any CPU
		{C90F44F9-2C36-4CDA-A2CF-CD898A61BC78}.Release|x64.Build.0 = Release|Any CPU
		{C90F44F9-2C36-4CDA-A2CF-CD898A61BC78}.Release|x64.Deploy.0 = Release|Any CPU
		{C90F44F9-2C36-4CDA-A2CF-CD898A61BC78}.Release|x86.ActiveCfg = Release|Any CPU
		{C90F44F9-2C36-4CDA-A2CF-CD898A61BC78}.Release|x86.Build.0 = Release|Any CPU
		{C90F44F9-2C36-4CDA-A2CF-CD898A61BC78}.Release|x86.Deploy.0 = Release|Any CPU
		{72639B3D-6D41-4BF4-A63D-DB9F4456BE10}.Debug|Any CPU.ActiveCfg = Debug|Any CPU
		{72639B3D-6D41-4BF4-A63D-DB9F4456BE10}.Debug|Any CPU.Build.0 = Debug|Any CPU
		{72639B3D-6D41-4BF4-A63D-DB9F4456BE10}.Debug|Any CPU.Deploy.0 = Debug|Any CPU
		{72639B3D-6D41-4BF4-A63D-DB9F4456BE10}.Debug|ARM64.ActiveCfg = Debug|Any CPU
		{72639B3D-6D41-4BF4-A63D-DB9F4456BE10}.Debug|ARM64.Build.0 = Debug|Any CPU
		{72639B3D-6D41-4BF4-A63D-DB9F4456BE10}.Debug|ARM64.Deploy.0 = Debug|Any CPU
		{72639B3D-6D41-4BF4-A63D-DB9F4456BE10}.Debug|x64.ActiveCfg = Debug|Any CPU
		{72639B3D-6D41-4BF4-A63D-DB9F4456BE10}.Debug|x64.Build.0 = Debug|Any CPU
		{72639B3D-6D41-4BF4-A63D-DB9F4456BE10}.Debug|x64.Deploy.0 = Debug|Any CPU
		{72639B3D-6D41-4BF4-A63D-DB9F4456BE10}.Debug|x86.ActiveCfg = Debug|Any CPU
		{72639B3D-6D41-4BF4-A63D-DB9F4456BE10}.Debug|x86.Build.0 = Debug|Any CPU
		{72639B3D-6D41-4BF4-A63D-DB9F4456BE10}.Debug|x86.Deploy.0 = Debug|Any CPU
		{72639B3D-6D41-4BF4-A63D-DB9F4456BE10}.Release|Any CPU.ActiveCfg = Release|Any CPU
		{72639B3D-6D41-4BF4-A63D-DB9F4456BE10}.Release|Any CPU.Build.0 = Release|Any CPU
		{72639B3D-6D41-4BF4-A63D-DB9F4456BE10}.Release|Any CPU.Deploy.0 = Release|Any CPU
		{72639B3D-6D41-4BF4-A63D-DB9F4456BE10}.Release|ARM64.ActiveCfg = Release|Any CPU
		{72639B3D-6D41-4BF4-A63D-DB9F4456BE10}.Release|ARM64.Build.0 = Release|Any CPU
		{72639B3D-6D41-4BF4-A63D-DB9F4456BE10}.Release|ARM64.Deploy.0 = Release|Any CPU
		{72639B3D-6D41-4BF4-A63D-DB9F4456BE10}.Release|x64.ActiveCfg = Release|Any CPU
		{72639B3D-6D41-4BF4-A63D-DB9F4456BE10}.Release|x64.Build.0 = Release|Any CPU
		{72639B3D-6D41-4BF4-A63D-DB9F4456BE10}.Release|x64.Deploy.0 = Release|Any CPU
		{72639B3D-6D41-4BF4-A63D-DB9F4456BE10}.Release|x86.ActiveCfg = Release|Any CPU
		{72639B3D-6D41-4BF4-A63D-DB9F4456BE10}.Release|x86.Build.0 = Release|Any CPU
		{72639B3D-6D41-4BF4-A63D-DB9F4456BE10}.Release|x86.Deploy.0 = Release|Any CPU
		{BB8616B1-B3B6-4841-9CC0-2662723BCE2B}.Debug|Any CPU.ActiveCfg = Debug|x64
		{BB8616B1-B3B6-4841-9CC0-2662723BCE2B}.Debug|Any CPU.Build.0 = Debug|x64
		{BB8616B1-B3B6-4841-9CC0-2662723BCE2B}.Debug|Any CPU.Deploy.0 = Debug|x64
		{BB8616B1-B3B6-4841-9CC0-2662723BCE2B}.Debug|ARM64.ActiveCfg = Debug|ARM64
		{BB8616B1-B3B6-4841-9CC0-2662723BCE2B}.Debug|ARM64.Build.0 = Debug|ARM64
		{BB8616B1-B3B6-4841-9CC0-2662723BCE2B}.Debug|ARM64.Deploy.0 = Debug|ARM64
		{BB8616B1-B3B6-4841-9CC0-2662723BCE2B}.Debug|x64.ActiveCfg = Debug|x64
		{BB8616B1-B3B6-4841-9CC0-2662723BCE2B}.Debug|x64.Build.0 = Debug|x64
		{BB8616B1-B3B6-4841-9CC0-2662723BCE2B}.Debug|x64.Deploy.0 = Debug|x64
		{BB8616B1-B3B6-4841-9CC0-2662723BCE2B}.Debug|x86.ActiveCfg = Debug|x86
		{BB8616B1-B3B6-4841-9CC0-2662723BCE2B}.Debug|x86.Build.0 = Debug|x86
		{BB8616B1-B3B6-4841-9CC0-2662723BCE2B}.Debug|x86.Deploy.0 = Debug|x86
		{BB8616B1-B3B6-4841-9CC0-2662723BCE2B}.Release|Any CPU.ActiveCfg = Release|x64
		{BB8616B1-B3B6-4841-9CC0-2662723BCE2B}.Release|Any CPU.Build.0 = Release|x64
		{BB8616B1-B3B6-4841-9CC0-2662723BCE2B}.Release|Any CPU.Deploy.0 = Release|x64
		{BB8616B1-B3B6-4841-9CC0-2662723BCE2B}.Release|ARM64.ActiveCfg = Release|ARM64
		{BB8616B1-B3B6-4841-9CC0-2662723BCE2B}.Release|ARM64.Build.0 = Release|ARM64
		{BB8616B1-B3B6-4841-9CC0-2662723BCE2B}.Release|ARM64.Deploy.0 = Release|ARM64
		{BB8616B1-B3B6-4841-9CC0-2662723BCE2B}.Release|x64.ActiveCfg = Release|x64
		{BB8616B1-B3B6-4841-9CC0-2662723BCE2B}.Release|x64.Build.0 = Release|x64
		{BB8616B1-B3B6-4841-9CC0-2662723BCE2B}.Release|x64.Deploy.0 = Release|x64
		{BB8616B1-B3B6-4841-9CC0-2662723BCE2B}.Release|x86.ActiveCfg = Release|x86
		{BB8616B1-B3B6-4841-9CC0-2662723BCE2B}.Release|x86.Build.0 = Release|x86
		{BB8616B1-B3B6-4841-9CC0-2662723BCE2B}.Release|x86.Deploy.0 = Release|x86
		{9F205A85-86C3-4E42-AEBF-146DAA6AF30B}.Debug|Any CPU.ActiveCfg = Debug|Any CPU
		{9F205A85-86C3-4E42-AEBF-146DAA6AF30B}.Debug|Any CPU.Build.0 = Debug|Any CPU
		{9F205A85-86C3-4E42-AEBF-146DAA6AF30B}.Debug|ARM64.ActiveCfg = Debug|Any CPU
		{9F205A85-86C3-4E42-AEBF-146DAA6AF30B}.Debug|ARM64.Build.0 = Debug|Any CPU
		{9F205A85-86C3-4E42-AEBF-146DAA6AF30B}.Debug|x64.ActiveCfg = Debug|Any CPU
		{9F205A85-86C3-4E42-AEBF-146DAA6AF30B}.Debug|x64.Build.0 = Debug|Any CPU
		{9F205A85-86C3-4E42-AEBF-146DAA6AF30B}.Debug|x86.ActiveCfg = Debug|Any CPU
		{9F205A85-86C3-4E42-AEBF-146DAA6AF30B}.Debug|x86.Build.0 = Debug|Any CPU
		{9F205A85-86C3-4E42-AEBF-146DAA6AF30B}.Release|Any CPU.ActiveCfg = Release|Any CPU
		{9F205A85-86C3-4E42-AEBF-146DAA6AF30B}.Release|Any CPU.Build.0 = Release|Any CPU
		{9F205A85-86C3-4E42-AEBF-146DAA6AF30B}.Release|ARM64.ActiveCfg = Release|Any CPU
		{9F205A85-86C3-4E42-AEBF-146DAA6AF30B}.Release|ARM64.Build.0 = Release|Any CPU
		{9F205A85-86C3-4E42-AEBF-146DAA6AF30B}.Release|x64.ActiveCfg = Release|Any CPU
		{9F205A85-86C3-4E42-AEBF-146DAA6AF30B}.Release|x64.Build.0 = Release|Any CPU
		{9F205A85-86C3-4E42-AEBF-146DAA6AF30B}.Release|x86.ActiveCfg = Release|Any CPU
		{9F205A85-86C3-4E42-AEBF-146DAA6AF30B}.Release|x86.Build.0 = Release|Any CPU
		{5325A73F-9E39-45FD-91D7-8AC7853742E2}.Debug|Any CPU.ActiveCfg = Debug|Any CPU
		{5325A73F-9E39-45FD-91D7-8AC7853742E2}.Debug|Any CPU.Build.0 = Debug|Any CPU
		{5325A73F-9E39-45FD-91D7-8AC7853742E2}.Debug|Any CPU.Deploy.0 = Debug|Any CPU
		{5325A73F-9E39-45FD-91D7-8AC7853742E2}.Debug|ARM64.ActiveCfg = Debug|Any CPU
		{5325A73F-9E39-45FD-91D7-8AC7853742E2}.Debug|ARM64.Build.0 = Debug|Any CPU
		{5325A73F-9E39-45FD-91D7-8AC7853742E2}.Debug|ARM64.Deploy.0 = Debug|Any CPU
		{5325A73F-9E39-45FD-91D7-8AC7853742E2}.Debug|x64.ActiveCfg = Debug|Any CPU
		{5325A73F-9E39-45FD-91D7-8AC7853742E2}.Debug|x64.Build.0 = Debug|Any CPU
		{5325A73F-9E39-45FD-91D7-8AC7853742E2}.Debug|x64.Deploy.0 = Debug|Any CPU
		{5325A73F-9E39-45FD-91D7-8AC7853742E2}.Debug|x86.ActiveCfg = Debug|Any CPU
		{5325A73F-9E39-45FD-91D7-8AC7853742E2}.Debug|x86.Build.0 = Debug|Any CPU
		{5325A73F-9E39-45FD-91D7-8AC7853742E2}.Debug|x86.Deploy.0 = Debug|Any CPU
		{5325A73F-9E39-45FD-91D7-8AC7853742E2}.Release|Any CPU.ActiveCfg = Release|Any CPU
		{5325A73F-9E39-45FD-91D7-8AC7853742E2}.Release|Any CPU.Build.0 = Release|Any CPU
		{5325A73F-9E39-45FD-91D7-8AC7853742E2}.Release|Any CPU.Deploy.0 = Release|Any CPU
		{5325A73F-9E39-45FD-91D7-8AC7853742E2}.Release|ARM64.ActiveCfg = Release|Any CPU
		{5325A73F-9E39-45FD-91D7-8AC7853742E2}.Release|ARM64.Build.0 = Release|Any CPU
		{5325A73F-9E39-45FD-91D7-8AC7853742E2}.Release|ARM64.Deploy.0 = Release|Any CPU
		{5325A73F-9E39-45FD-91D7-8AC7853742E2}.Release|x64.ActiveCfg = Release|Any CPU
		{5325A73F-9E39-45FD-91D7-8AC7853742E2}.Release|x64.Build.0 = Release|Any CPU
		{5325A73F-9E39-45FD-91D7-8AC7853742E2}.Release|x64.Deploy.0 = Release|Any CPU
		{5325A73F-9E39-45FD-91D7-8AC7853742E2}.Release|x86.ActiveCfg = Release|Any CPU
		{5325A73F-9E39-45FD-91D7-8AC7853742E2}.Release|x86.Build.0 = Release|Any CPU
		{5325A73F-9E39-45FD-91D7-8AC7853742E2}.Release|x86.Deploy.0 = Release|Any CPU
		{3AED10BA-ED5B-494F-B594-23B5CFADCF79}.Debug|Any CPU.ActiveCfg = Debug|Any CPU
		{3AED10BA-ED5B-494F-B594-23B5CFADCF79}.Debug|Any CPU.Build.0 = Debug|Any CPU
		{3AED10BA-ED5B-494F-B594-23B5CFADCF79}.Debug|ARM64.ActiveCfg = Debug|Any CPU
		{3AED10BA-ED5B-494F-B594-23B5CFADCF79}.Debug|ARM64.Build.0 = Debug|Any CPU
		{3AED10BA-ED5B-494F-B594-23B5CFADCF79}.Debug|x64.ActiveCfg = Debug|Any CPU
		{3AED10BA-ED5B-494F-B594-23B5CFADCF79}.Debug|x64.Build.0 = Debug|Any CPU
		{3AED10BA-ED5B-494F-B594-23B5CFADCF79}.Debug|x86.ActiveCfg = Debug|Any CPU
		{3AED10BA-ED5B-494F-B594-23B5CFADCF79}.Debug|x86.Build.0 = Debug|Any CPU
		{3AED10BA-ED5B-494F-B594-23B5CFADCF79}.Release|Any CPU.ActiveCfg = Release|Any CPU
		{3AED10BA-ED5B-494F-B594-23B5CFADCF79}.Release|Any CPU.Build.0 = Release|Any CPU
		{3AED10BA-ED5B-494F-B594-23B5CFADCF79}.Release|ARM64.ActiveCfg = Release|Any CPU
		{3AED10BA-ED5B-494F-B594-23B5CFADCF79}.Release|ARM64.Build.0 = Release|Any CPU
		{3AED10BA-ED5B-494F-B594-23B5CFADCF79}.Release|x64.ActiveCfg = Release|Any CPU
		{3AED10BA-ED5B-494F-B594-23B5CFADCF79}.Release|x64.Build.0 = Release|Any CPU
		{3AED10BA-ED5B-494F-B594-23B5CFADCF79}.Release|x86.ActiveCfg = Release|Any CPU
		{3AED10BA-ED5B-494F-B594-23B5CFADCF79}.Release|x86.Build.0 = Release|Any CPU
	EndGlobalSection
	GlobalSection(SolutionProperties) = preSolution
		HideSolutionNode = FALSE
	EndGlobalSection
	GlobalSection(ExtensibilityGlobals) = postSolution
		SolutionGuid = {5EBC4DF4-5CE0-4523-9EDC-19FCA123206F}
	EndGlobalSection
EndGlobal
